// !$*UTF8*$!
{
	archiveVersion = 1;
	classes = {
	};
	objectVersion = 46;
	objects = {

/* Begin PBXBuildFile section */
		54472D271A52367000F83EDD /* CoreLocation.framework in Frameworks */ = {isa = PBXBuildFile; fileRef = 54472D261A52367000F83EDD /* CoreLocation.framework */; };
		5458267C1A5381C100C0ED55 /* StopWatch.swift in Sources */ = {isa = PBXBuildFile; fileRef = 5458267B1A5381C100C0ED55 /* StopWatch.swift */; };
		547752BE1A5225DD00DD0A98 /* MapKit.framework in Frameworks */ = {isa = PBXBuildFile; fileRef = 547752BD1A5225DD00DD0A98 /* MapKit.framework */; };
		547752C51A52351500DD0A98 /* COAroundMeViewController.swift in Sources */ = {isa = PBXBuildFile; fileRef = 547752C41A52351500DD0A98 /* COAroundMeViewController.swift */; };
		54B275321A51721E002F75D9 /* Info.plist in Resources */ = {isa = PBXBuildFile; fileRef = DB34DC59583A63BDB08C3340 /* Info.plist */; };
		54B275341A517BCB002F75D9 /* COStationTableViewCell.swift in Sources */ = {isa = PBXBuildFile; fileRef = 54B275331A517BCB002F75D9 /* COStationTableViewCell.swift */; };
		54CA210F1A55D8050026D5CA /* COResultStationsViewController.swift in Sources */ = {isa = PBXBuildFile; fileRef = 54CA210E1A55D8050026D5CA /* COResultStationsViewController.swift */; };
		54CA21251A55E5D20026D5CA /* COStationTableViewCell.xib in Resources */ = {isa = PBXBuildFile; fileRef = 54CA21241A55E5D20026D5CA /* COStationTableViewCell.xib */; };
		54CA21261A55EB420026D5CA /* Main.storyboard in Resources */ = {isa = PBXBuildFile; fileRef = DB34DC9A0D709A5A2ADEE152 /* Main.storyboard */; };
		54CA21271A55EB450026D5CA /* LaunchScreen.xib in Resources */ = {isa = PBXBuildFile; fileRef = DB34DC7EE6A8DB8C1D22BCFC /* LaunchScreen.xib */; };
		54CA214D1A55EC250026D5CA /* Alamofire.swift in Sources */ = {isa = PBXBuildFile; fileRef = 54CA21391A55EC250026D5CA /* Alamofire.swift */; };
		54CA214E1A55EC250026D5CA /* Info.plist in Resources */ = {isa = PBXBuildFile; fileRef = 54CA213A1A55EC250026D5CA /* Info.plist */; };
		54CA214F1A55EC250026D5CA /* AutoCurry.swift in Sources */ = {isa = PBXBuildFile; fileRef = 54CA213C1A55EC250026D5CA /* AutoCurry.swift */; };
		54CA21501A55EC250026D5CA /* Dollar.swift in Sources */ = {isa = PBXBuildFile; fileRef = 54CA213E1A55EC250026D5CA /* Dollar.swift */; };
		54CA21511A55EC250026D5CA /* Info.plist in Resources */ = {isa = PBXBuildFile; fileRef = 54CA213F1A55EC250026D5CA /* Info.plist */; };
		54CA21521A55EC250026D5CA /* MMDrawerBarButtonItem.m in Sources */ = {isa = PBXBuildFile; fileRef = 54CA21421A55EC250026D5CA /* MMDrawerBarButtonItem.m */; };
		54CA21531A55EC250026D5CA /* MMDrawerController.m in Sources */ = {isa = PBXBuildFile; fileRef = 54CA21451A55EC250026D5CA /* MMDrawerController.m */; };
		54CA21541A55EC250026D5CA /* MMDrawerVisualState.m in Sources */ = {isa = PBXBuildFile; fileRef = 54CA21471A55EC250026D5CA /* MMDrawerVisualState.m */; };
		54CA21551A55EC250026D5CA /* UIViewController+MMDrawerController.m in Sources */ = {isa = PBXBuildFile; fileRef = 54CA21491A55EC250026D5CA /* UIViewController+MMDrawerController.m */; };
		54CA21561A55EC250026D5CA /* SwiftyJSON.swift in Sources */ = {isa = PBXBuildFile; fileRef = 54CA214C1A55EC250026D5CA /* SwiftyJSON.swift */; };
		54CA215B1A55ECE00026D5CA /* DollarExtension.swift in Sources */ = {isa = PBXBuildFile; fileRef = 54CA21581A55ECE00026D5CA /* DollarExtension.swift */; };
		54CA215C1A55ECE00026D5CA /* UIColorExtension.swift in Sources */ = {isa = PBXBuildFile; fileRef = 54CA21591A55ECE00026D5CA /* UIColorExtension.swift */; };
		54CA215D1A55ECE00026D5CA /* UIViewControllerExtension.swift in Sources */ = {isa = PBXBuildFile; fileRef = 54CA215A1A55ECE00026D5CA /* UIViewControllerExtension.swift */; };
		54CD28231A55D67F0003E4B8 /* COBaseStationsViewController.swift in Sources */ = {isa = PBXBuildFile; fileRef = 54CD28221A55D67F0003E4B8 /* COBaseStationsViewController.swift */; };
		54D729C01A521E4800EF4EB2 /* COMenuViewController.swift in Sources */ = {isa = PBXBuildFile; fileRef = 54D729BF1A521E4800EF4EB2 /* COMenuViewController.swift */; };
		54D729C71A521E5F00EF4EB2 /* COMenuItemTableViewCell.swift in Sources */ = {isa = PBXBuildFile; fileRef = 54D729C61A521E5F00EF4EB2 /* COMenuItemTableViewCell.swift */; };
		DB34D2312AAEED08C9DF8FC9 /* AppDelegate.swift in Sources */ = {isa = PBXBuildFile; fileRef = DB34D0A6E49F04FFD8E83566 /* AppDelegate.swift */; };
		DB34D65071AEF15A6E36985F /* COStationsViewController.swift in Sources */ = {isa = PBXBuildFile; fileRef = DB34D2F0C0FAABCDCAD30E5B /* COStationsViewController.swift */; };
		DB34D6AF13F59DAE3A0E43BF /* Images.xcassets in Resources */ = {isa = PBXBuildFile; fileRef = DB34DD1C738C241FF7A056E1 /* Images.xcassets */; };
		DB34DEE97F7304AAC214BD27 /* CommuteTests.swift in Sources */ = {isa = PBXBuildFile; fileRef = DB34DFE812258242FDCA921E /* CommuteTests.swift */; };
/* End PBXBuildFile section */

/* Begin PBXContainerItemProxy section */
		DB34D59BE6BCC98C8E0CEC33 /* PBXContainerItemProxy */ = {
			isa = PBXContainerItemProxy;
			containerPortal = DB34DCF278F4654370B21E60 /* Project object */;
			proxyType = 1;
			remoteGlobalIDString = DB34D1597A64E00AFB031451;
			remoteInfo = Commute;
		};
/* End PBXContainerItemProxy section */

/* Begin PBXCopyFilesBuildPhase section */
		54B2752F1A5170BF002F75D9 /* Copy Frameworks */ = {
			isa = PBXCopyFilesBuildPhase;
			buildActionMask = 2147483647;
			dstPath = "";
			dstSubfolderSpec = 10;
			files = (
			);
			name = "Copy Frameworks";
			runOnlyForDeploymentPostprocessing = 0;
		};
/* End PBXCopyFilesBuildPhase section */

/* Begin PBXFileReference section */
		54472D261A52367000F83EDD /* CoreLocation.framework */ = {isa = PBXFileReference; lastKnownFileType = wrapper.framework; name = CoreLocation.framework; path = System/Library/Frameworks/CoreLocation.framework; sourceTree = SDKROOT; };
		5458267B1A5381C100C0ED55 /* StopWatch.swift */ = {isa = PBXFileReference; fileEncoding = 4; lastKnownFileType = sourcecode.swift; path = StopWatch.swift; sourceTree = "<group>"; };
		547752BD1A5225DD00DD0A98 /* MapKit.framework */ = {isa = PBXFileReference; lastKnownFileType = wrapper.framework; name = MapKit.framework; path = System/Library/Frameworks/MapKit.framework; sourceTree = SDKROOT; };
		547752C41A52351500DD0A98 /* COAroundMeViewController.swift */ = {isa = PBXFileReference; fileEncoding = 4; lastKnownFileType = sourcecode.swift; path = COAroundMeViewController.swift; sourceTree = "<group>"; };
		54B275331A517BCB002F75D9 /* COStationTableViewCell.swift */ = {isa = PBXFileReference; fileEncoding = 4; lastKnownFileType = sourcecode.swift; path = COStationTableViewCell.swift; sourceTree = "<group>"; };
		54B54A631A5205A50040AB92 /*  Commute-Bridging-Header.h */ = {isa = PBXFileReference; lastKnownFileType = sourcecode.c.h; path = " Commute-Bridging-Header.h"; sourceTree = "<group>"; };
		54CA210E1A55D8050026D5CA /* COResultStationsViewController.swift */ = {isa = PBXFileReference; fileEncoding = 4; lastKnownFileType = sourcecode.swift; path = COResultStationsViewController.swift; sourceTree = "<group>"; };
		54CA21241A55E5D20026D5CA /* COStationTableViewCell.xib */ = {isa = PBXFileReference; fileEncoding = 4; lastKnownFileType = file.xib; path = COStationTableViewCell.xib; sourceTree = "<group>"; };
		54CA21381A55EC250026D5CA /* Alamofire.h */ = {isa = PBXFileReference; fileEncoding = 4; lastKnownFileType = sourcecode.c.h; path = Alamofire.h; sourceTree = "<group>"; };
		54CA21391A55EC250026D5CA /* Alamofire.swift */ = {isa = PBXFileReference; fileEncoding = 4; lastKnownFileType = sourcecode.swift; path = Alamofire.swift; sourceTree = "<group>"; };
		54CA213A1A55EC250026D5CA /* Info.plist */ = {isa = PBXFileReference; fileEncoding = 4; lastKnownFileType = text.plist.xml; path = Info.plist; sourceTree = "<group>"; };
		54CA213C1A55EC250026D5CA /* AutoCurry.swift */ = {isa = PBXFileReference; fileEncoding = 4; lastKnownFileType = sourcecode.swift; path = AutoCurry.swift; sourceTree = "<group>"; };
		54CA213D1A55EC250026D5CA /* Dollar.h */ = {isa = PBXFileReference; fileEncoding = 4; lastKnownFileType = sourcecode.c.h; path = Dollar.h; sourceTree = "<group>"; };
		54CA213E1A55EC250026D5CA /* Dollar.swift */ = {isa = PBXFileReference; fileEncoding = 4; lastKnownFileType = sourcecode.swift; path = Dollar.swift; sourceTree = "<group>"; };
		54CA213F1A55EC250026D5CA /* Info.plist */ = {isa = PBXFileReference; fileEncoding = 4; lastKnownFileType = text.plist.xml; path = Info.plist; sourceTree = "<group>"; };
		54CA21411A55EC250026D5CA /* MMDrawerBarButtonItem.h */ = {isa = PBXFileReference; fileEncoding = 4; lastKnownFileType = sourcecode.c.h; path = MMDrawerBarButtonItem.h; sourceTree = "<group>"; };
		54CA21421A55EC250026D5CA /* MMDrawerBarButtonItem.m */ = {isa = PBXFileReference; fileEncoding = 4; lastKnownFileType = sourcecode.c.objc; path = MMDrawerBarButtonItem.m; sourceTree = "<group>"; };
		54CA21431A55EC250026D5CA /* MMDrawerController+Subclass.h */ = {isa = PBXFileReference; fileEncoding = 4; lastKnownFileType = sourcecode.c.h; path = "MMDrawerController+Subclass.h"; sourceTree = "<group>"; };
		54CA21441A55EC250026D5CA /* MMDrawerController.h */ = {isa = PBXFileReference; fileEncoding = 4; lastKnownFileType = sourcecode.c.h; path = MMDrawerController.h; sourceTree = "<group>"; };
		54CA21451A55EC250026D5CA /* MMDrawerController.m */ = {isa = PBXFileReference; fileEncoding = 4; lastKnownFileType = sourcecode.c.objc; path = MMDrawerController.m; sourceTree = "<group>"; };
		54CA21461A55EC250026D5CA /* MMDrawerVisualState.h */ = {isa = PBXFileReference; fileEncoding = 4; lastKnownFileType = sourcecode.c.h; path = MMDrawerVisualState.h; sourceTree = "<group>"; };
		54CA21471A55EC250026D5CA /* MMDrawerVisualState.m */ = {isa = PBXFileReference; fileEncoding = 4; lastKnownFileType = sourcecode.c.objc; path = MMDrawerVisualState.m; sourceTree = "<group>"; };
		54CA21481A55EC250026D5CA /* UIViewController+MMDrawerController.h */ = {isa = PBXFileReference; fileEncoding = 4; lastKnownFileType = sourcecode.c.h; path = "UIViewController+MMDrawerController.h"; sourceTree = "<group>"; };
		54CA21491A55EC250026D5CA /* UIViewController+MMDrawerController.m */ = {isa = PBXFileReference; fileEncoding = 4; lastKnownFileType = sourcecode.c.objc; path = "UIViewController+MMDrawerController.m"; sourceTree = "<group>"; };
		54CA214B1A55EC250026D5CA /* SwiftyJSON.h */ = {isa = PBXFileReference; fileEncoding = 4; lastKnownFileType = sourcecode.c.h; path = SwiftyJSON.h; sourceTree = "<group>"; };
		54CA214C1A55EC250026D5CA /* SwiftyJSON.swift */ = {isa = PBXFileReference; fileEncoding = 4; lastKnownFileType = sourcecode.swift; path = SwiftyJSON.swift; sourceTree = "<group>"; };
		54CA21581A55ECE00026D5CA /* DollarExtension.swift */ = {isa = PBXFileReference; fileEncoding = 4; lastKnownFileType = sourcecode.swift; path = DollarExtension.swift; sourceTree = "<group>"; };
		54CA21591A55ECE00026D5CA /* UIColorExtension.swift */ = {isa = PBXFileReference; fileEncoding = 4; lastKnownFileType = sourcecode.swift; path = UIColorExtension.swift; sourceTree = "<group>"; };
		54CA215A1A55ECE00026D5CA /* UIViewControllerExtension.swift */ = {isa = PBXFileReference; fileEncoding = 4; lastKnownFileType = sourcecode.swift; path = UIViewControllerExtension.swift; sourceTree = "<group>"; };
		54CD28221A55D67F0003E4B8 /* COBaseStationsViewController.swift */ = {isa = PBXFileReference; fileEncoding = 4; lastKnownFileType = sourcecode.swift; path = COBaseStationsViewController.swift; sourceTree = "<group>"; };
		54D729BF1A521E4800EF4EB2 /* COMenuViewController.swift */ = {isa = PBXFileReference; fileEncoding = 4; lastKnownFileType = sourcecode.swift; path = COMenuViewController.swift; sourceTree = "<group>"; };
		54D729C61A521E5F00EF4EB2 /* COMenuItemTableViewCell.swift */ = {isa = PBXFileReference; fileEncoding = 4; lastKnownFileType = sourcecode.swift; path = COMenuItemTableViewCell.swift; sourceTree = "<group>"; };
		DB34D0A6E49F04FFD8E83566 /* AppDelegate.swift */ = {isa = PBXFileReference; lastKnownFileType = sourcecode.swift; path = AppDelegate.swift; sourceTree = "<group>"; };
		DB34D0D059C58045C212FA4C /* Info.plist */ = {isa = PBXFileReference; lastKnownFileType = text.plist.info; path = Info.plist; sourceTree = "<group>"; };
		DB34D101BF48BFDB18B39D1B /* Base */ = {isa = PBXFileReference; lastKnownFileType = file.storyboard; name = Base; path = Base.lproj/Main.storyboard; sourceTree = "<group>"; };
		DB34D2F0C0FAABCDCAD30E5B /* COStationsViewController.swift */ = {isa = PBXFileReference; lastKnownFileType = sourcecode.swift; path = COStationsViewController.swift; sourceTree = "<group>"; };
		DB34D3CA20CF098F5A459A56 /* Commute.app */ = {isa = PBXFileReference; explicitFileType = wrapper.application; includeInIndex = 0; path = Commute.app; sourceTree = BUILT_PRODUCTS_DIR; };
		DB34D9F2546FA0F7C713F8B7 /* Base */ = {isa = PBXFileReference; lastKnownFileType = file.xib; name = Base; path = Base.lproj/LaunchScreen.xib; sourceTree = "<group>"; };
		DB34D9F59E4102E5F0D0C842 /* CommuteTests.xctest */ = {isa = PBXFileReference; explicitFileType = wrapper.cfbundle; includeInIndex = 0; path = CommuteTests.xctest; sourceTree = BUILT_PRODUCTS_DIR; };
		DB34DC59583A63BDB08C3340 /* Info.plist */ = {isa = PBXFileReference; lastKnownFileType = text.plist.info; path = Info.plist; sourceTree = "<group>"; };
		DB34DD1C738C241FF7A056E1 /* Images.xcassets */ = {isa = PBXFileReference; lastKnownFileType = folder.assetcatalog; path = Images.xcassets; sourceTree = "<group>"; };
		DB34DFE812258242FDCA921E /* CommuteTests.swift */ = {isa = PBXFileReference; lastKnownFileType = sourcecode.swift; path = CommuteTests.swift; sourceTree = "<group>"; };
/* End PBXFileReference section */

/* Begin PBXFrameworksBuildPhase section */
		DB34D18D3508C81A976D8A58 /* Frameworks */ = {
			isa = PBXFrameworksBuildPhase;
			buildActionMask = 2147483647;
			files = (
				54472D271A52367000F83EDD /* CoreLocation.framework in Frameworks */,
				547752BE1A5225DD00DD0A98 /* MapKit.framework in Frameworks */,
			);
			runOnlyForDeploymentPostprocessing = 0;
		};
		DB34DCA42C358ABD3FFCA93E /* Frameworks */ = {
			isa = PBXFrameworksBuildPhase;
			buildActionMask = 2147483647;
			files = (
			);
			runOnlyForDeploymentPostprocessing = 0;
		};
/* End PBXFrameworksBuildPhase section */

/* Begin PBXGroup section */
		54CA21361A55EC250026D5CA /* Libs */ = {
			isa = PBXGroup;
			children = (
				54CA21371A55EC250026D5CA /* Alamofire */,
				54CA213B1A55EC250026D5CA /* Dollar */,
				54CA21401A55EC250026D5CA /* MMDrawerController */,
				54CA214A1A55EC250026D5CA /* SwiftyJSON */,
			);
			path = Libs;
			sourceTree = SOURCE_ROOT;
		};
		54CA21371A55EC250026D5CA /* Alamofire */ = {
			isa = PBXGroup;
			children = (
				54CA21381A55EC250026D5CA /* Alamofire.h */,
				54CA21391A55EC250026D5CA /* Alamofire.swift */,
				54CA213A1A55EC250026D5CA /* Info.plist */,
			);
			path = Alamofire;
			sourceTree = "<group>";
		};
		54CA213B1A55EC250026D5CA /* Dollar */ = {
			isa = PBXGroup;
			children = (
				54CA213C1A55EC250026D5CA /* AutoCurry.swift */,
				54CA213D1A55EC250026D5CA /* Dollar.h */,
				54CA213E1A55EC250026D5CA /* Dollar.swift */,
				54CA213F1A55EC250026D5CA /* Info.plist */,
			);
			path = Dollar;
			sourceTree = "<group>";
		};
		54CA21401A55EC250026D5CA /* MMDrawerController */ = {
			isa = PBXGroup;
			children = (
				54CA21411A55EC250026D5CA /* MMDrawerBarButtonItem.h */,
				54CA21421A55EC250026D5CA /* MMDrawerBarButtonItem.m */,
				54CA21431A55EC250026D5CA /* MMDrawerController+Subclass.h */,
				54CA21441A55EC250026D5CA /* MMDrawerController.h */,
				54CA21451A55EC250026D5CA /* MMDrawerController.m */,
				54CA21461A55EC250026D5CA /* MMDrawerVisualState.h */,
				54CA21471A55EC250026D5CA /* MMDrawerVisualState.m */,
				54CA21481A55EC250026D5CA /* UIViewController+MMDrawerController.h */,
				54CA21491A55EC250026D5CA /* UIViewController+MMDrawerController.m */,
			);
			path = MMDrawerController;
			sourceTree = "<group>";
		};
		54CA214A1A55EC250026D5CA /* SwiftyJSON */ = {
			isa = PBXGroup;
			children = (
				54CA214B1A55EC250026D5CA /* SwiftyJSON.h */,
				54CA214C1A55EC250026D5CA /* SwiftyJSON.swift */,
			);
			path = SwiftyJSON;
			sourceTree = "<group>";
		};
		54CA21571A55ECE00026D5CA /* Extensions */ = {
			isa = PBXGroup;
			children = (
				54CA21581A55ECE00026D5CA /* DollarExtension.swift */,
				54CA21591A55ECE00026D5CA /* UIColorExtension.swift */,
				54CA215A1A55ECE00026D5CA /* UIViewControllerExtension.swift */,
			);
			path = Extensions;
			sourceTree = "<group>";
		};
		DB34D334368BEAF04C9E393B /* Supporting Files */ = {
			isa = PBXGroup;
			children = (
				54B54A631A5205A50040AB92 /*  Commute-Bridging-Header.h */,
				DB34DC59583A63BDB08C3340 /* Info.plist */,
			);
			name = "Supporting Files";
			sourceTree = "<group>";
		};
		DB34D44B26B1D343C6F81336 /* Products */ = {
			isa = PBXGroup;
			children = (
				DB34D3CA20CF098F5A459A56 /* Commute.app */,
				DB34D9F59E4102E5F0D0C842 /* CommuteTests.xctest */,
			);
			name = Products;
			sourceTree = "<group>";
		};
		DB34D484BE497641248AA645 /* CommuteTests */ = {
			isa = PBXGroup;
			children = (
				DB34DAF2342F66714587F97F /* Supporting Files */,
				DB34DFE812258242FDCA921E /* CommuteTests.swift */,
			);
			path = CommuteTests;
			sourceTree = "<group>";
		};
		DB34D8204F9126889CE85F72 /* Commute */ = {
			isa = PBXGroup;
			children = (
				54CA21571A55ECE00026D5CA /* Extensions */,
				54CA21361A55EC250026D5CA /* Libs */,
				DB34D334368BEAF04C9E393B /* Supporting Files */,
				DB34DD1C738C241FF7A056E1 /* Images.xcassets */,
				DB34DC7EE6A8DB8C1D22BCFC /* LaunchScreen.xib */,
				DB34D0A6E49F04FFD8E83566 /* AppDelegate.swift */,
				DB34DC9A0D709A5A2ADEE152 /* Main.storyboard */,
				547752C41A52351500DD0A98 /* COAroundMeViewController.swift */,
				54CD28221A55D67F0003E4B8 /* COBaseStationsViewController.swift */,
				DB34D2F0C0FAABCDCAD30E5B /* COStationsViewController.swift */,
				54CA210E1A55D8050026D5CA /* COResultStationsViewController.swift */,
				54B275331A517BCB002F75D9 /* COStationTableViewCell.swift */,
				54D729BF1A521E4800EF4EB2 /* COMenuViewController.swift */,
				54D729C61A521E5F00EF4EB2 /* COMenuItemTableViewCell.swift */,
				5458267B1A5381C100C0ED55 /* StopWatch.swift */,
				54CA21241A55E5D20026D5CA /* COStationTableViewCell.xib */,
			);
			path = Commute;
			sourceTree = "<group>";
		};
		DB34DAF2342F66714587F97F /* Supporting Files */ = {
			isa = PBXGroup;
			children = (
				DB34D0D059C58045C212FA4C /* Info.plist */,
			);
			name = "Supporting Files";
			sourceTree = "<group>";
		};
		DB34DCDF092BD5095CE0622A = {
			isa = PBXGroup;
			children = (
				54472D261A52367000F83EDD /* CoreLocation.framework */,
				547752BD1A5225DD00DD0A98 /* MapKit.framework */,
				DB34D44B26B1D343C6F81336 /* Products */,
				DB34D8204F9126889CE85F72 /* Commute */,
				DB34D484BE497641248AA645 /* CommuteTests */,
			);
			sourceTree = "<group>";
		};
/* End PBXGroup section */

/* Begin PBXNativeTarget section */
		DB34D1597A64E00AFB031451 /* Commute */ = {
			isa = PBXNativeTarget;
			buildConfigurationList = DB34DDA46E968E6904EF9957 /* Build configuration list for PBXNativeTarget "Commute" */;
			buildPhases = (
				DB34DCC6EA7C6B7B78ECEA3C /* Sources */,
				DB34D18D3508C81A976D8A58 /* Frameworks */,
				DB34D4936AE892C95A991586 /* Resources */,
				54B2752F1A5170BF002F75D9 /* Copy Frameworks */,
			);
			buildRules = (
			);
			dependencies = (
			);
			name = Commute;
			productName = Commute;
			productReference = DB34D3CA20CF098F5A459A56 /* Commute.app */;
			productType = "com.apple.product-type.application";
		};
		DB34D8056CFC75BDE02C7A8D /* CommuteTests */ = {
			isa = PBXNativeTarget;
			buildConfigurationList = DB34D3B59F917F9D9DDAAF3E /* Build configuration list for PBXNativeTarget "CommuteTests" */;
			buildPhases = (
				DB34D149E96100EE65CBB634 /* Sources */,
				DB34DCA42C358ABD3FFCA93E /* Frameworks */,
				DB34D20A9287E04CDB012102 /* Resources */,
			);
			buildRules = (
			);
			dependencies = (
				DB34D83366F317AFC785AA82 /* PBXTargetDependency */,
			);
			name = CommuteTests;
			productName = CommuteTests;
			productReference = DB34D9F59E4102E5F0D0C842 /* CommuteTests.xctest */;
			productType = "com.apple.product-type.bundle.unit-test";
		};
/* End PBXNativeTarget section */

/* Begin PBXProject section */
		DB34DCF278F4654370B21E60 /* Project object */ = {
			isa = PBXProject;
			attributes = {
				ORGANIZATIONNAME = Helyx.io;
				TargetAttributes = {
					DB34D1597A64E00AFB031451 = {
						DevelopmentTeam = T9UHPNS5GN;
					};
				};
			};
			buildConfigurationList = DB34DF5BEDA0125399065C42 /* Build configuration list for PBXProject "Commute" */;
			compatibilityVersion = "Xcode 3.2";
			developmentRegion = English;
			hasScannedForEncodings = 0;
			knownRegions = (
				en,
			);
			mainGroup = DB34DCDF092BD5095CE0622A;
			productRefGroup = DB34D44B26B1D343C6F81336 /* Products */;
			projectDirPath = "";
			projectRoot = "";
			targets = (
				DB34D1597A64E00AFB031451 /* Commute */,
				DB34D8056CFC75BDE02C7A8D /* CommuteTests */,
			);
		};
/* End PBXProject section */

/* Begin PBXResourcesBuildPhase section */
		DB34D20A9287E04CDB012102 /* Resources */ = {
			isa = PBXResourcesBuildPhase;
			buildActionMask = 2147483647;
			files = (
			);
			runOnlyForDeploymentPostprocessing = 0;
		};
		DB34D4936AE892C95A991586 /* Resources */ = {
			isa = PBXResourcesBuildPhase;
			buildActionMask = 2147483647;
			files = (
				DB34D6AF13F59DAE3A0E43BF /* Images.xcassets in Resources */,
				54B275321A51721E002F75D9 /* Info.plist in Resources */,
				54CA214E1A55EC250026D5CA /* Info.plist in Resources */,
				54CA21261A55EB420026D5CA /* Main.storyboard in Resources */,
				54CA21271A55EB450026D5CA /* LaunchScreen.xib in Resources */,
				54CA21251A55E5D20026D5CA /* COStationTableViewCell.xib in Resources */,
				54CA21511A55EC250026D5CA /* Info.plist in Resources */,
			);
			runOnlyForDeploymentPostprocessing = 0;
		};
/* End PBXResourcesBuildPhase section */

/* Begin PBXSourcesBuildPhase section */
		DB34D149E96100EE65CBB634 /* Sources */ = {
			isa = PBXSourcesBuildPhase;
			buildActionMask = 2147483647;
			files = (
				DB34DEE97F7304AAC214BD27 /* CommuteTests.swift in Sources */,
			);
			runOnlyForDeploymentPostprocessing = 0;
		};
		DB34DCC6EA7C6B7B78ECEA3C /* Sources */ = {
			isa = PBXSourcesBuildPhase;
			buildActionMask = 2147483647;
			files = (
				DB34D2312AAEED08C9DF8FC9 /* AppDelegate.swift in Sources */,
				54CA21521A55EC250026D5CA /* MMDrawerBarButtonItem.m in Sources */,
				5458267C1A5381C100C0ED55 /* StopWatch.swift in Sources */,
				54CA21561A55EC250026D5CA /* SwiftyJSON.swift in Sources */,
				54CA214D1A55EC250026D5CA /* Alamofire.swift in Sources */,
				54CA210F1A55D8050026D5CA /* COResultStationsViewController.swift in Sources */,
				54CA215D1A55ECE00026D5CA /* UIViewControllerExtension.swift in Sources */,
				DB34D65071AEF15A6E36985F /* COStationsViewController.swift in Sources */,
				54CA21551A55EC250026D5CA /* UIViewController+MMDrawerController.m in Sources */,
				54D729C01A521E4800EF4EB2 /* COMenuViewController.swift in Sources */,
				54CA215B1A55ECE00026D5CA /* DollarExtension.swift in Sources */,
				54CA21501A55EC250026D5CA /* Dollar.swift in Sources */,
				54D729C71A521E5F00EF4EB2 /* COMenuItemTableViewCell.swift in Sources */,
				54B275341A517BCB002F75D9 /* COStationTableViewCell.swift in Sources */,
				54CD28231A55D67F0003E4B8 /* COBaseStationsViewController.swift in Sources */,
				54CA21541A55EC250026D5CA /* MMDrawerVisualState.m in Sources */,
				547752C51A52351500DD0A98 /* COAroundMeViewController.swift in Sources */,
				54CA214F1A55EC250026D5CA /* AutoCurry.swift in Sources */,
				54CA215C1A55ECE00026D5CA /* UIColorExtension.swift in Sources */,
				54CA21531A55EC250026D5CA /* MMDrawerController.m in Sources */,
			);
			runOnlyForDeploymentPostprocessing = 0;
		};
/* End PBXSourcesBuildPhase section */

/* Begin PBXTargetDependency section */
		DB34D83366F317AFC785AA82 /* PBXTargetDependency */ = {
			isa = PBXTargetDependency;
			target = DB34D1597A64E00AFB031451 /* Commute */;
			targetProxy = DB34D59BE6BCC98C8E0CEC33 /* PBXContainerItemProxy */;
		};
/* End PBXTargetDependency section */

/* Begin PBXVariantGroup section */
		DB34DC7EE6A8DB8C1D22BCFC /* LaunchScreen.xib */ = {
			isa = PBXVariantGroup;
			children = (
				DB34D9F2546FA0F7C713F8B7 /* Base */,
			);
			name = LaunchScreen.xib;
			sourceTree = "<group>";
		};
		DB34DC9A0D709A5A2ADEE152 /* Main.storyboard */ = {
			isa = PBXVariantGroup;
			children = (
				DB34D101BF48BFDB18B39D1B /* Base */,
			);
			name = Main.storyboard;
			sourceTree = "<group>";
		};
/* End PBXVariantGroup section */

/* Begin XCBuildConfiguration section */
		DB34D24E4552A33F874569B4 /* Debug */ = {
			isa = XCBuildConfiguration;
			buildSettings = {
				ALWAYS_SEARCH_USER_PATHS = NO;
				CLANG_CXX_LANGUAGE_STANDARD = "gnu++0x";
				CLANG_CXX_LIBRARY = "libc++";
				CLANG_ENABLE_MODULES = YES;
				CLANG_ENABLE_OBJC_ARC = YES;
				CLANG_WARN_BOOL_CONVERSION = YES;
				CLANG_WARN_CONSTANT_CONVERSION = YES;
				CLANG_WARN_DIRECT_OBJC_ISA_USAGE = YES_ERROR;
				CLANG_WARN_EMPTY_BODY = YES;
				CLANG_WARN_ENUM_CONVERSION = YES;
				CLANG_WARN_INT_CONVERSION = YES;
				CLANG_WARN_OBJC_ROOT_CLASS = YES_ERROR;
				CLANG_WARN_UNREACHABLE_CODE = YES;
				CLANG_WARN__DUPLICATE_METHOD_MATCH = YES;
				"CODE_SIGN_IDENTITY[sdk=iphoneos*]" = "iPhone Developer";
				COPY_PHASE_STRIP = NO;
				ENABLE_STRICT_OBJC_MSGSEND = YES;
				GCC_C_LANGUAGE_STANDARD = gnu99;
				GCC_DYNAMIC_NO_PIC = NO;
				GCC_OPTIMIZATION_LEVEL = 0;
				GCC_PREPROCESSOR_DEFINITIONS = (
					"DEBUG=1",
					"$(inherited)",
				);
				GCC_SYMBOLS_PRIVATE_EXTERN = NO;
				GCC_WARN_64_TO_32_BIT_CONVERSION = YES;
				GCC_WARN_ABOUT_RETURN_TYPE = YES_ERROR;
				GCC_WARN_UNDECLARED_SELECTOR = YES;
				GCC_WARN_UNINITIALIZED_AUTOS = YES_AGGRESSIVE;
				GCC_WARN_UNUSED_FUNCTION = YES;
				GCC_WARN_UNUSED_VARIABLE = YES;
				IPHONEOS_DEPLOYMENT_TARGET = 8.0;
				MTL_ENABLE_DEBUG_INFO = YES;
				ONLY_ACTIVE_ARCH = YES;
				SDKROOT = iphoneos;
				SWIFT_OPTIMIZATION_LEVEL = "-Onone";
			};
			name = Debug;
		};
		DB34D388207E1B1C3AFC2A07 /* Release */ = {
			isa = XCBuildConfiguration;
			buildSettings = {
				ALWAYS_SEARCH_USER_PATHS = NO;
				CLANG_CXX_LANGUAGE_STANDARD = "gnu++0x";
				CLANG_CXX_LIBRARY = "libc++";
				CLANG_ENABLE_MODULES = YES;
				CLANG_ENABLE_OBJC_ARC = YES;
				CLANG_WARN_BOOL_CONVERSION = YES;
				CLANG_WARN_CONSTANT_CONVERSION = YES;
				CLANG_WARN_DIRECT_OBJC_ISA_USAGE = YES_ERROR;
				CLANG_WARN_EMPTY_BODY = YES;
				CLANG_WARN_ENUM_CONVERSION = YES;
				CLANG_WARN_INT_CONVERSION = YES;
				CLANG_WARN_OBJC_ROOT_CLASS = YES_ERROR;
				CLANG_WARN_UNREACHABLE_CODE = YES;
				CLANG_WARN__DUPLICATE_METHOD_MATCH = YES;
				"CODE_SIGN_IDENTITY[sdk=iphoneos*]" = "iPhone Developer";
				COPY_PHASE_STRIP = YES;
				ENABLE_NS_ASSERTIONS = NO;
				ENABLE_STRICT_OBJC_MSGSEND = YES;
				GCC_C_LANGUAGE_STANDARD = gnu99;
				GCC_WARN_64_TO_32_BIT_CONVERSION = YES;
				GCC_WARN_ABOUT_RETURN_TYPE = YES_ERROR;
				GCC_WARN_UNDECLARED_SELECTOR = YES;
				GCC_WARN_UNINITIALIZED_AUTOS = YES_AGGRESSIVE;
				GCC_WARN_UNUSED_FUNCTION = YES;
				GCC_WARN_UNUSED_VARIABLE = YES;
				IPHONEOS_DEPLOYMENT_TARGET = 8.0;
				MTL_ENABLE_DEBUG_INFO = NO;
				SDKROOT = iphoneos;
				VALIDATE_PRODUCT = YES;
			};
			name = Release;
		};
		DB34D3ADFFFAF429021E0BCB /* Release */ = {
			isa = XCBuildConfiguration;
			buildSettings = {
				ASSETCATALOG_COMPILER_APPICON_NAME = AppIcon;
				ASSETCATALOG_COMPILER_LAUNCHIMAGE_NAME = LaunchImage;
				INFOPLIST_FILE = Commute/Info.plist;
				LD_RUNPATH_SEARCH_PATHS = "$(inherited) @executable_path/Frameworks";
				PRODUCT_NAME = "$(TARGET_NAME)";
				SWIFT_OBJC_BRIDGING_HEADER = "$(SRCROOT)/Commute/ Commute-Bridging-Header.h";
			};
			name = Release;
		};
		DB34DD767CFE3239A46CDD67 /* Debug */ = {
			isa = XCBuildConfiguration;
			buildSettings = {
				ASSETCATALOG_COMPILER_APPICON_NAME = AppIcon;
				ASSETCATALOG_COMPILER_LAUNCHIMAGE_NAME = LaunchImage;
				INFOPLIST_FILE = Commute/Info.plist;
				LD_RUNPATH_SEARCH_PATHS = "$(inherited) @executable_path/Frameworks";
				PRODUCT_NAME = "$(TARGET_NAME)";
				SWIFT_OBJC_BRIDGING_HEADER = "$(SRCROOT)/Commute/ Commute-Bridging-Header.h";
			};
			name = Debug;
		};
		DB34DE917E4F0B18E31962DF /* Release */ = {
			isa = XCBuildConfiguration;
			buildSettings = {
				BUNDLE_LOADER = "$(BUILT_PRODUCTS_DIR)/Commute.app/Commute";
				FRAMEWORK_SEARCH_PATHS = (
					"$(SDKROOT)/Developer/Library/Frameworks",
					"$(inherited)",
				);
				INFOPLIST_FILE = CommuteTests/Info.plist;
				LD_RUNPATH_SEARCH_PATHS = "$(inherited) @executable_path/Frameworks @loader_path/Frameworks";
				PRODUCT_NAME = "$(TARGET_NAME)";
				TEST_HOST = "$(BUNDLE_LOADER)";
			};
			name = Release;
		};
		DB34DF407D0725D8AA89EFA1 /* Debug */ = {
			isa = XCBuildConfiguration;
			buildSettings = {
				BUNDLE_LOADER = "$(BUILT_PRODUCTS_DIR)/Commute.app/Commute";
				FRAMEWORK_SEARCH_PATHS = (
					"$(SDKROOT)/Developer/Library/Frameworks",
					"$(inherited)",
				);
				INFOPLIST_FILE = CommuteTests/Info.plist;
				LD_RUNPATH_SEARCH_PATHS = "$(inherited) @executable_path/Frameworks @loader_path/Frameworks";
				PRODUCT_NAME = "$(TARGET_NAME)";
				TEST_HOST = "$(BUNDLE_LOADER)";
			};
			name = Debug;
		};
/* End XCBuildConfiguration section */

/* Begin XCConfigurationList section */
		DB34D3B59F917F9D9DDAAF3E /* Build configuration list for PBXNativeTarget "CommuteTests" */ = {
			isa = XCConfigurationList;
			buildConfigurations = (
				DB34DF407D0725D8AA89EFA1 /* Debug */,
				DB34DE917E4F0B18E31962DF /* Release */,
			);
			defaultConfigurationIsVisible = 0;
			defaultConfigurationName = Release;
		};
		DB34DDA46E968E6904EF9957 /* Build configuration list for PBXNativeTarget "Commute" */ = {
			isa = XCConfigurationList;
			buildConfigurations = (
				DB34DD767CFE3239A46CDD67 /* Debug */,
				DB34D3ADFFFAF429021E0BCB /* Release */,
			);
			defaultConfigurationIsVisible = 0;
			defaultConfigurationName = Release;
		};
		DB34DF5BEDA0125399065C42 /* Build configuration list for PBXProject "Commute" */ = {
			isa = XCConfigurationList;
			buildConfigurations = (
				DB34D24E4552A33F874569B4 /* Debug */,
				DB34D388207E1B1C3AFC2A07 /* Release */,
			);
			defaultConfigurationIsVisible = 0;
			defaultConfigurationName = Release;
		};
/* End XCConfigurationList section */
	};
	rootObject = DB34DCF278F4654370B21E60 /* Project object */;
}
